// !$*UTF8*$!
{
	archiveVersion = 1;
	classes = {
	};
	objectVersion = 77;
	objects = {

/* Begin PBXContainerItemProxy section */
		5699B2D22CFDD2D800D88168 /* PBXContainerItemProxy */ = {
			isa = PBXContainerItemProxy;
			containerPortal = 5699B2B32CFDD2D500D88168 /* Project object */;
			proxyType = 1;
			remoteGlobalIDString = 5699B2BA2CFDD2D500D88168;
			remoteInfo = OpCa;
		};
		5699B2DC2CFDD2D800D88168 /* PBXContainerItemProxy */ = {
			isa = PBXContainerItemProxy;
			containerPortal = 5699B2B32CFDD2D500D88168 /* Project object */;
			proxyType = 1;
			remoteGlobalIDString = 5699B2BA2CFDD2D500D88168;
			remoteInfo = OpCa;
		};
/* End PBXContainerItemProxy section */

/* Begin PBXFileReference section */
		5699B2BB2CFDD2D600D88168 /* OpCa.app */ = {isa = PBXFileReference; explicitFileType = wrapper.application; includeInIndex = 0; path = OpCa.app; sourceTree = BUILT_PRODUCTS_DIR; };
		5699B2D12CFDD2D800D88168 /* OpCaTests.xctest */ = {isa = PBXFileReference; explicitFileType = wrapper.cfbundle; includeInIndex = 0; path = OpCaTests.xctest; sourceTree = BUILT_PRODUCTS_DIR; };
		5699B2DB2CFDD2D800D88168 /* OpCaUITests.xctest */ = {isa = PBXFileReference; explicitFileType = wrapper.cfbundle; includeInIndex = 0; path = OpCaUITests.xctest; sourceTree = BUILT_PRODUCTS_DIR; };
/* End PBXFileReference section */

/* Begin PBXFileSystemSynchronizedBuildFileExceptionSet section */
		5699B2E32CFDD2D800D88168 /* Exceptions for "OpCa" folder in "OpCa" target */ = {
			isa = PBXFileSystemSynchronizedBuildFileExceptionSet;
			membershipExceptions = (
				Info.plist,
			);
			target = 5699B2BA2CFDD2D500D88168 /* OpCa */;
		};
/* End PBXFileSystemSynchronizedBuildFileExceptionSet section */

/* Begin PBXFileSystemSynchronizedRootGroup section */
		5699B2BD2CFDD2D600D88168 /* OpCa */ = {
			isa = PBXFileSystemSynchronizedRootGroup;
			exceptions = (
				5699B2E32CFDD2D800D88168 /* Exceptions for "OpCa" folder in "OpCa" target */,
			);
			path = OpCa;
			sourceTree = "<group>";
		};
		5699B2D42CFDD2D800D88168 /* OpCaTests */ = {
			isa = PBXFileSystemSynchronizedRootGroup;
			path = OpCaTests;
			sourceTree = "<group>";
		};
		5699B2DE2CFDD2D800D88168 /* OpCaUITests */ = {
			isa = PBXFileSystemSynchronizedRootGroup;
			path = OpCaUITests;
			sourceTree = "<group>";
		};
/* End PBXFileSystemSynchronizedRootGroup section */

/* Begin PBXFrameworksBuildPhase section */
		5699B2B82CFDD2D500D88168 /* Frameworks */ = {
			isa = PBXFrameworksBuildPhase;
			buildActionMask = 2147483647;
			files = (
			);
			runOnlyForDeploymentPostprocessing = 0;
		};
		5699B2CE2CFDD2D800D88168 /* Frameworks */ = {
			isa = PBXFrameworksBuildPhase;
			buildActionMask = 2147483647;
			files = (
			);
			runOnlyForDeploymentPostprocessing = 0;
		};
		5699B2D82CFDD2D800D88168 /* Frameworks */ = {
			isa = PBXFrameworksBuildPhase;
			buildActionMask = 2147483647;
			files = (
			);
			runOnlyForDeploymentPostprocessing = 0;
		};
/* End PBXFrameworksBuildPhase section */

/* Begin PBXGroup section */
		5699B2B22CFDD2D500D88168 = {
			isa = PBXGroup;
			children = (
				5699B2BD2CFDD2D600D88168 /* OpCa */,
				5699B2D42CFDD2D800D88168 /* OpCaTests */,
				5699B2DE2CFDD2D800D88168 /* OpCaUITests */,
				5699B2BC2CFDD2D600D88168 /* Products */,
			);
			sourceTree = "<group>";
		};
		5699B2BC2CFDD2D600D88168 /* Products */ = {
			isa = PBXGroup;
			children = (
				5699B2BB2CFDD2D600D88168 /* OpCa.app */,
				5699B2D12CFDD2D800D88168 /* OpCaTests.xctest */,
				5699B2DB2CFDD2D800D88168 /* OpCaUITests.xctest */,
			);
			name = Products;
			sourceTree = "<group>";
		};
/* End PBXGroup section */

/* Begin PBXNativeTarget section */
		5699B2BA2CFDD2D500D88168 /* OpCa */ = {
			isa = PBXNativeTarget;
			buildConfigurationList = 5699B2E42CFDD2D800D88168 /* Build configuration list for PBXNativeTarget "OpCa" */;
			buildPhases = (
				5699B2B72CFDD2D500D88168 /* Sources */,
				5699B2B82CFDD2D500D88168 /* Frameworks */,
				5699B2B92CFDD2D500D88168 /* Resources */,
			);
			buildRules = (
			);
			dependencies = (
			);
			fileSystemSynchronizedGroups = (
				5699B2BD2CFDD2D600D88168 /* OpCa */,
			);
			name = OpCa;
			packageProductDependencies = (
			);
			productName = OpCa;
			productReference = 5699B2BB2CFDD2D600D88168 /* OpCa.app */;
			productType = "com.apple.product-type.application";
		};
		5699B2D02CFDD2D800D88168 /* OpCaTests */ = {
			isa = PBXNativeTarget;
			buildConfigurationList = 5699B2E92CFDD2D800D88168 /* Build configuration list for PBXNativeTarget "OpCaTests" */;
			buildPhases = (
				5699B2CD2CFDD2D800D88168 /* Sources */,
				5699B2CE2CFDD2D800D88168 /* Frameworks */,
				5699B2CF2CFDD2D800D88168 /* Resources */,
			);
			buildRules = (
			);
			dependencies = (
				5699B2D32CFDD2D800D88168 /* PBXTargetDependency */,
			);
			fileSystemSynchronizedGroups = (
				5699B2D42CFDD2D800D88168 /* OpCaTests */,
			);
			name = OpCaTests;
			packageProductDependencies = (
			);
			productName = OpCaTests;
			productReference = 5699B2D12CFDD2D800D88168 /* OpCaTests.xctest */;
			productType = "com.apple.product-type.bundle.unit-test";
		};
		5699B2DA2CFDD2D800D88168 /* OpCaUITests */ = {
			isa = PBXNativeTarget;
			buildConfigurationList = 5699B2EC2CFDD2D800D88168 /* Build configuration list for PBXNativeTarget "OpCaUITests" */;
			buildPhases = (
				5699B2D72CFDD2D800D88168 /* Sources */,
				5699B2D82CFDD2D800D88168 /* Frameworks */,
				5699B2D92CFDD2D800D88168 /* Resources */,
			);
			buildRules = (
			);
			dependencies = (
				5699B2DD2CFDD2D800D88168 /* PBXTargetDependency */,
			);
			fileSystemSynchronizedGroups = (
				5699B2DE2CFDD2D800D88168 /* OpCaUITests */,
			);
			name = OpCaUITests;
			packageProductDependencies = (
			);
			productName = OpCaUITests;
			productReference = 5699B2DB2CFDD2D800D88168 /* OpCaUITests.xctest */;
			productType = "com.apple.product-type.bundle.ui-testing";
		};
/* End PBXNativeTarget section */

/* Begin PBXProject section */
		5699B2B32CFDD2D500D88168 /* Project object */ = {
			isa = PBXProject;
			attributes = {
				BuildIndependentTargetsInParallel = 1;
				LastSwiftUpdateCheck = 1610;
				LastUpgradeCheck = 1610;
				TargetAttributes = {
					5699B2BA2CFDD2D500D88168 = {
						CreatedOnToolsVersion = 16.1;
					};
					5699B2D02CFDD2D800D88168 = {
						CreatedOnToolsVersion = 16.1;
						TestTargetID = 5699B2BA2CFDD2D500D88168;
					};
					5699B2DA2CFDD2D800D88168 = {
						CreatedOnToolsVersion = 16.1;
						TestTargetID = 5699B2BA2CFDD2D500D88168;
					};
				};
			};
			buildConfigurationList = 5699B2B62CFDD2D500D88168 /* Build configuration list for PBXProject "OpCa" */;
			developmentRegion = en;
			hasScannedForEncodings = 0;
			knownRegions = (
				en,
				Base,
			);
			mainGroup = 5699B2B22CFDD2D500D88168;
			minimizedProjectReferenceProxies = 1;
			preferredProjectObjectVersion = 77;
			productRefGroup = 5699B2BC2CFDD2D600D88168 /* Products */;
			projectDirPath = "";
			projectRoot = "";
			targets = (
				5699B2BA2CFDD2D500D88168 /* OpCa */,
				5699B2D02CFDD2D800D88168 /* OpCaTests */,
				5699B2DA2CFDD2D800D88168 /* OpCaUITests */,
			);
		};
/* End PBXProject section */

/* Begin PBXResourcesBuildPhase section */
		5699B2B92CFDD2D500D88168 /* Resources */ = {
			isa = PBXResourcesBuildPhase;
			buildActionMask = 2147483647;
			files = (
			);
			runOnlyForDeploymentPostprocessing = 0;
		};
		5699B2CF2CFDD2D800D88168 /* Resources */ = {
			isa = PBXResourcesBuildPhase;
			buildActionMask = 2147483647;
			files = (
			);
			runOnlyForDeploymentPostprocessing = 0;
		};
		5699B2D92CFDD2D800D88168 /* Resources */ = {
			isa = PBXResourcesBuildPhase;
			buildActionMask = 2147483647;
			files = (
			);
			runOnlyForDeploymentPostprocessing = 0;
		};
/* End PBXResourcesBuildPhase section */

/* Begin PBXSourcesBuildPhase section */
		5699B2B72CFDD2D500D88168 /* Sources */ = {
			isa = PBXSourcesBuildPhase;
			buildActionMask = 2147483647;
			files = (
			);
			runOnlyForDeploymentPostprocessing = 0;
		};
		5699B2CD2CFDD2D800D88168 /* Sources */ = {
			isa = PBXSourcesBuildPhase;
			buildActionMask = 2147483647;
			files = (
			);
			runOnlyForDeploymentPostprocessing = 0;
		};
		5699B2D72CFDD2D800D88168 /* Sources */ = {
			isa = PBXSourcesBuildPhase;
			buildActionMask = 2147483647;
			files = (
			);
			runOnlyForDeploymentPostprocessing = 0;
		};
/* End PBXSourcesBuildPhase section */

/* Begin PBXTargetDependency section */
		5699B2D32CFDD2D800D88168 /* PBXTargetDependency */ = {
			isa = PBXTargetDependency;
			target = 5699B2BA2CFDD2D500D88168 /* OpCa */;
			targetProxy = 5699B2D22CFDD2D800D88168 /* PBXContainerItemProxy */;
		};
		5699B2DD2CFDD2D800D88168 /* PBXTargetDependency */ = {
			isa = PBXTargetDependency;
			target = 5699B2BA2CFDD2D500D88168 /* OpCa */;
			targetProxy = 5699B2DC2CFDD2D800D88168 /* PBXContainerItemProxy */;
		};
/* End PBXTargetDependency section */

/* Begin XCBuildConfiguration section */
		5699B2E52CFDD2D800D88168 /* Debug */ = {
			isa = XCBuildConfiguration;
			buildSettings = {
				ASSETCATALOG_COMPILER_APPICON_NAME = AppIcon;
				ASSETCATALOG_COMPILER_GLOBAL_ACCENT_COLOR_NAME = AccentColor;
				CODE_SIGN_STYLE = Automatic;
				CURRENT_PROJECT_VERSION = 1;
				DEVELOPMENT_TEAM = 3889U3P728;
				GENERATE_INFOPLIST_FILE = YES;
				INFOPLIST_FILE = OpCa/Info.plist;
				INFOPLIST_KEY_UIApplicationSupportsIndirectInputEvents = YES;
				INFOPLIST_KEY_UILaunchStoryboardName = LaunchScreen;
				INFOPLIST_KEY_UIMainStoryboardFile = Main;
				INFOPLIST_KEY_UISupportedInterfaceOrientations_iPad = "UIInterfaceOrientationPortrait UIInterfaceOrientationPortraitUpsideDown UIInterfaceOrientationLandscapeLeft UIInterfaceOrientationLandscapeRight";
				INFOPLIST_KEY_UISupportedInterfaceOrientations_iPhone = "UIInterfaceOrientationPortrait UIInterfaceOrientationLandscapeLeft UIInterfaceOrientationLandscapeRight";
				LD_RUNPATH_SEARCH_PATHS = (
					"$(inherited)",
					"@executable_path/Frameworks",
				);
				MARKETING_VERSION = 1.0;
				PRODUCT_BUNDLE_IDENTIFIER = ihoflaz.OpCa;
				PRODUCT_NAME = "$(TARGET_NAME)";
				SWIFT_EMIT_LOC_STRINGS = YES;
				SWIFT_VERSION = 5.0;
				TARGETED_DEVICE_FAMILY = "1,2";
			};
			name = Debug;
		};
		5699B2E62CFDD2D800D88168 /* Release */ = {
			isa = XCBuildConfiguration;
			buildSettings = {
				ASSETCATALOG_COMPILER_APPICON_NAME = AppIcon;
				ASSETCATALOG_COMPILER_GLOBAL_ACCENT_COLOR_NAME = AccentColor;
				CODE_SIGN_STYLE = Automatic;
				CURRENT_PROJECT_VERSION = 1;
				DEVELOPMENT_TEAM = 3889U3P728;
				GENERATE_INFOPLIST_FILE = YES;
				INFOPLIST_FILE = OpCa/Info.plist;
				INFOPLIST_KEY_UIApplicationSupportsIndirectInputEvents = YES;
				INFOPLIST_KEY_UILaunchStoryboardName = LaunchScreen;
				INFOPLIST_KEY_UIMainStoryboardFile = Main;
				INFOPLIST_KEY_UISupportedInterfaceOrientations_iPad = "UIInterfaceOrientationPortrait UIInterfaceOrientationPortraitUpsideDown UIInterfaceOrientationLandscapeLeft UIInterfaceOrientationLandscapeRight";
				INFOPLIST_KEY_UISupportedInterfaceOrientations_iPhone = "UIInterfaceOrientationPortrait UIInterfaceOrientationLandscapeLeft UIInterfaceOrientationLandscapeRight";
				LD_RUNPATH_SEARCH_PATHS = (
					"$(inherited)",
					"@executable_path/Frameworks",
				);
				MARKETING_VERSION = 1.0;
				PRODUCT_BUNDLE_IDENTIFIER = ihoflaz.OpCa;
				PRODUCT_NAME = "$(TARGET_NAME)";
				SWIFT_EMIT_LOC_STRINGS = YES;
				SWIFT_VERSION = 5.0;
				TARGETED_DEVICE_FAMILY = "1,2";
			};
			name = Release;
		};
		5699B2E72CFDD2D800D88168 /* Debug */ = {
			isa = XCBuildConfiguration;
			buildSettings = {
				ALWAYS_SEARCH_USER_PATHS = NO;
				ASSETCATALOG_COMPILER_GENERATE_SWIFT_ASSET_SYMBOL_EXTENSIONS = YES;
				CLANG_ANALYZER_NONNULL = YES;
				CLANG_ANALYZER_NUMBER_OBJECT_CONVERSION = YES_AGGRESSIVE;
				CLANG_CXX_LANGUAGE_STANDARD = "gnu++20";
				CLANG_ENABLE_MODULES = YES;
				CLANG_ENABLE_OBJC_ARC = YES;
				CLANG_ENABLE_OBJC_WEAK = YES;
				CLANG_WARN_BLOCK_CAPTURE_AUTORELEASING = YES;
				CLANG_WARN_BOOL_CONVERSION = YES;
				CLANG_WARN_COMMA = YES;
				CLANG_WARN_CONSTANT_CONVERSION = YES;
				CLANG_WARN_DEPRECATED_OBJC_IMPLEMENTATIONS = YES;
				CLANG_WARN_DIRECT_OBJC_ISA_USAGE = YES_ERROR;
				CLANG_WARN_DOCUMENTATION_COMMENTS = YES;
				CLANG_WARN_EMPTY_BODY = YES;
				CLANG_WARN_ENUM_CONVERSION = YES;
				CLANG_WARN_INFINITE_RECURSION = YES;
				CLANG_WARN_INT_CONVERSION = YES;
				CLANG_WARN_NON_LITERAL_NULL_CONVERSION = YES;
				CLANG_WARN_OBJC_IMPLICIT_RETAIN_SELF = YES;
				CLANG_WARN_OBJC_LITERAL_CONVERSION = YES;
				CLANG_WARN_OBJC_ROOT_CLASS = YES_ERROR;
				CLANG_WARN_QUOTED_INCLUDE_IN_FRAMEWORK_HEADER = YES;
				CLANG_WARN_RANGE_LOOP_ANALYSIS = YES;
				CLANG_WARN_STRICT_PROTOTYPES = YES;
				CLANG_WARN_SUSPICIOUS_MOVE = YES;
				CLANG_WARN_UNGUARDED_AVAILABILITY = YES_AGGRESSIVE;
				CLANG_WARN_UNREACHABLE_CODE = YES;
				CLANG_WARN__DUPLICATE_METHOD_MATCH = YES;
				COPY_PHASE_STRIP = NO;
				DEBUG_INFORMATION_FORMAT = dwarf;
				ENABLE_STRICT_OBJC_MSGSEND = YES;
				ENABLE_TESTABILITY = YES;
				ENABLE_USER_SCRIPT_SANDBOXING = YES;
				GCC_C_LANGUAGE_STANDARD = gnu17;
				GCC_DYNAMIC_NO_PIC = NO;
				GCC_NO_COMMON_BLOCKS = YES;
				GCC_OPTIMIZATION_LEVEL = 0;
				GCC_PREPROCESSOR_DEFINITIONS = (
					"DEBUG=1",
					"$(inherited)",
				);
				GCC_WARN_64_TO_32_BIT_CONVERSION = YES;
				GCC_WARN_ABOUT_RETURN_TYPE = YES_ERROR;
				GCC_WARN_UNDECLARED_SELECTOR = YES;
				GCC_WARN_UNINITIALIZED_AUTOS = YES_AGGRESSIVE;
				GCC_WARN_UNUSED_FUNCTION = YES;
				GCC_WARN_UNUSED_VARIABLE = YES;
				IPHONEOS_DEPLOYMENT_TARGET = 18.1;
				LOCALIZATION_PREFERS_STRING_CATALOGS = YES;
				MTL_ENABLE_DEBUG_INFO = INCLUDE_SOURCE;
				MTL_FAST_MATH = YES;
				ONLY_ACTIVE_ARCH = YES;
				SDKROOT = iphoneos;
				SWIFT_ACTIVE_COMPILATION_CONDITIONS = "DEBUG $(inherited)";
				SWIFT_OPTIMIZATION_LEVEL = "-Onone";
				SWIFT_VERSION = 5.0;
			};
			name = Debug;
		};
		5699B2E82CFDD2D800D88168 /* Release */ = {
			isa = XCBuildConfiguration;
			buildSettings = {
				ALWAYS_SEARCH_USER_PATHS = NO;
				ASSETCATALOG_COMPILER_GENERATE_SWIFT_ASSET_SYMBOL_EXTENSIONS = YES;
				CLANG_ANALYZER_NONNULL = YES;
				CLANG_ANALYZER_NUMBER_OBJECT_CONVERSION = YES_AGGRESSIVE;
				CLANG_CXX_LANGUAGE_STANDARD = "gnu++20";
				CLANG_ENABLE_MODULES = YES;
				CLANG_ENABLE_OBJC_ARC = YES;
				CLANG_ENABLE_OBJC_WEAK = YES;
				CLANG_WARN_BLOCK_CAPTURE_AUTORELEASING = YES;
				CLANG_WARN_BOOL_CONVERSION = YES;
				CLANG_WARN_COMMA = YES;
				CLANG_WARN_CONSTANT_CONVERSION = YES;
				CLANG_WARN_DEPRECATED_OBJC_IMPLEMENTATIONS = YES;
				CLANG_WARN_DIRECT_OBJC_ISA_USAGE = YES_ERROR;
				CLANG_WARN_DOCUMENTATION_COMMENTS = YES;
				CLANG_WARN_EMPTY_BODY = YES;
				CLANG_WARN_ENUM_CONVERSION = YES;
				CLANG_WARN_INFINITE_RECURSION = YES;
				CLANG_WARN_INT_CONVERSION = YES;
				CLANG_WARN_NON_LITERAL_NULL_CONVERSION = YES;
				CLANG_WARN_OBJC_IMPLICIT_RETAIN_SELF = YES;
				CLANG_WARN_OBJC_LITERAL_CONVERSION = YES;
				CLANG_WARN_OBJC_ROOT_CLASS = YES_ERROR;
				CLANG_WARN_QUOTED_INCLUDE_IN_FRAMEWORK_HEADER = YES;
				CLANG_WARN_RANGE_LOOP_ANALYSIS = YES;
				CLANG_WARN_STRICT_PROTOTYPES = YES;
				CLANG_WARN_SUSPICIOUS_MOVE = YES;
				CLANG_WARN_UNGUARDED_AVAILABILITY = YES_AGGRESSIVE;
				CLANG_WARN_UNREACHABLE_CODE = YES;
				CLANG_WARN__DUPLICATE_METHOD_MATCH = YES;
				COPY_PHASE_STRIP = NO;
				DEBUG_INFORMATION_FORMAT = "dwarf-with-dsym";
				ENABLE_NS_ASSERTIONS = NO;
				ENABLE_STRICT_OBJC_MSGSEND = YES;
				ENABLE_USER_SCRIPT_SANDBOXING = YES;
				GCC_C_LANGUAGE_STANDARD = gnu17;
				GCC_NO_COMMON_BLOCKS = YES;
				GCC_WARN_64_TO_32_BIT_CONVERSION = YES;
				GCC_WARN_ABOUT_RETURN_TYPE = YES_ERROR;
				GCC_WARN_UNDECLARED_SELECTOR = YES;
				GCC_WARN_UNINITIALIZED_AUTOS = YES_AGGRESSIVE;
				GCC_WARN_UNUSED_FUNCTION = YES;
				GCC_WARN_UNUSED_VARIABLE = YES;
				IPHONEOS_DEPLOYMENT_TARGET = 18.1;
				LOCALIZATION_PREFERS_STRING_CATALOGS = YES;
				MTL_ENABLE_DEBUG_INFO = NO;
				MTL_FAST_MATH = YES;
				SDKROOT = iphoneos;
				SWIFT_COMPILATION_MODE = wholemodule;
				SWIFT_VERSION = 5.0;
				VALIDATE_PRODUCT = YES;
			};
			name = Release;
		};
		5699B2EA2CFDD2D800D88168 /* Debug */ = {
			isa = XCBuildConfiguration;
			buildSettings = {
				BUNDLE_LOADER = "$(TEST_HOST)";
				CODE_SIGN_STYLE = Automatic;
				CURRENT_PROJECT_VERSION = 1;
				DEVELOPMENT_TEAM = 3889U3P728;
				GENERATE_INFOPLIST_FILE = YES;
				IPHONEOS_DEPLOYMENT_TARGET = 18.1;
				MARKETING_VERSION = 1.0;
				PRODUCT_BUNDLE_IDENTIFIER = ihoflaz.OpCaTests;
				PRODUCT_NAME = "$(TARGET_NAME)";
				SWIFT_EMIT_LOC_STRINGS = NO;
				SWIFT_VERSION = 5.0;
				TARGETED_DEVICE_FAMILY = "1,2";
				TEST_HOST = "$(BUILT_PRODUCTS_DIR)/OpCa.app/$(BUNDLE_EXECUTABLE_FOLDER_PATH)/OpCa";
			};
			name = Debug;
		};
		5699B2EB2CFDD2D800D88168 /* Release */ = {
			isa = XCBuildConfiguration;
			buildSettings = {
				BUNDLE_LOADER = "$(TEST_HOST)";
				CODE_SIGN_STYLE = Automatic;
				CURRENT_PROJECT_VERSION = 1;
				DEVELOPMENT_TEAM = 3889U3P728;
				GENERATE_INFOPLIST_FILE = YES;
				IPHONEOS_DEPLOYMENT_TARGET = 18.1;
				MARKETING_VERSION = 1.0;
				PRODUCT_BUNDLE_IDENTIFIER = ihoflaz.OpCaTests;
				PRODUCT_NAME = "$(TARGET_NAME)";
				SWIFT_EMIT_LOC_STRINGS = NO;
				SWIFT_VERSION = 5.0;
				TARGETED_DEVICE_FAMILY = "1,2";
				TEST_HOST = "$(BUILT_PRODUCTS_DIR)/OpCa.app/$(BUNDLE_EXECUTABLE_FOLDER_PATH)/OpCa";
			};
			name = Release;
		};
		5699B2ED2CFDD2D800D88168 /* Debug */ = {
			isa = XCBuildConfiguration;
			buildSettings = {
				CODE_SIGN_STYLE = Automatic;
				CURRENT_PROJECT_VERSION = 1;
				DEVELOPMENT_TEAM = 3889U3P728;
				GENERATE_INFOPLIST_FILE = YES;
				MARKETING_VERSION = 1.0;
				PRODUCT_BUNDLE_IDENTIFIER = ihoflaz.OpCaUITests;
				PRODUCT_NAME = "$(TARGET_NAME)";
				SWIFT_EMIT_LOC_STRINGS = NO;
				SWIFT_VERSION = 5.0;
				TARGETED_DEVICE_FAMILY = "1,2";
				TEST_TARGET_NAME = OpCa;
			};
			name = Debug;
		};
		5699B2EE2CFDD2D800D88168 /* Release */ = {
			isa = XCBuildConfiguration;
			buildSettings = {
				CODE_SIGN_STYLE = Automatic;
				CURRENT_PROJECT_VERSION = 1;
				DEVELOPMENT_TEAM = 3889U3P728;
				GENERATE_INFOPLIST_FILE = YES;
				MARKETING_VERSION = 1.0;
				PRODUCT_BUNDLE_IDENTIFIER = ihoflaz.OpCaUITests;
				PRODUCT_NAME = "$(TARGET_NAME)";
				SWIFT_EMIT_LOC_STRINGS = NO;
				SWIFT_VERSION = 5.0;
				TARGETED_DEVICE_FAMILY = "1,2";
				TEST_TARGET_NAME = OpCa;
			};
			name = Release;
		};
/* End XCBuildConfiguration section */

/* Begin XCConfigurationList section */
		5699B2B62CFDD2D500D88168 /* Build configuration list for PBXProject "OpCa" */ = {
			isa = XCConfigurationList;
			buildConfigurations = (
				5699B2E72CFDD2D800D88168 /* Debug */,
				5699B2E82CFDD2D800D88168 /* Release */,
			);
			defaultConfigurationIsVisible = 0;
			defaultConfigurationName = Release;
		};
		5699B2E42CFDD2D800D88168 /* Build configuration list for PBXNativeTarget "OpCa" */ = {
			isa = XCConfigurationList;
			buildConfigurations = (
				5699B2E52CFDD2D800D88168 /* Debug */,
				5699B2E62CFDD2D800D88168 /* Release */,
			);
			defaultConfigurationIsVisible = 0;
			defaultConfigurationName = Release;
		};
		5699B2E92CFDD2D800D88168 /* Build configuration list for PBXNativeTarget "OpCaTests" */ = {
			isa = XCConfigurationList;
			buildConfigurations = (
				5699B2EA2CFDD2D800D88168 /* Debug */,
				5699B2EB2CFDD2D800D88168 /* Release */,
			);
			defaultConfigurationIsVisible = 0;
			defaultConfigurationName = Release;
		};
		5699B2EC2CFDD2D800D88168 /* Build configuration list for PBXNativeTarget "OpCaUITests" */ = {
			isa = XCConfigurationList;
			buildConfigurations = (
				5699B2ED2CFDD2D800D88168 /* Debug */,
				5699B2EE2CFDD2D800D88168 /* Release */,
			);
			defaultConfigurationIsVisible = 0;
			defaultConfigurationName = Release;
		};
/* End XCConfigurationList section */
	};
	rootObject = 5699B2B32CFDD2D500D88168 /* Project object */;
}
